
Microsoft Visual Studio Solution File, Format Version 12.00
# Visual Studio 15
VisualStudioVersion = 15.0.28307.902
MinimumVisualStudioVersion = 10.0.40219.1
Project("{FAE04EC0-301F-11D3-BF4B-00C04F79EFBC}") = "CouponTrackerWebsite", "CouponTrackerWebsite\CouponTrackerWebsite.csproj", "{A391C328-F2E6-4825-B3E2-B7913613A835}"
EndProject
Global
	GlobalSection(SolutionConfigurationPlatforms) = preSolution
		Debug|Any CPU = Debug|Any CPU
		Release|Any CPU = Release|Any CPU
	EndGlobalSection
	GlobalSection(ProjectConfigurationPlatforms) = postSolution
		{A391C328-F2E6-4825-B3E2-B7913613A835}.Debug|Any CPU.ActiveCfg = Debug|Any CPU
		{A391C328-F2E6-4825-B3E2-B7913613A835}.Debug|Any CPU.Build.0 = Debug|Any CPU
		{A391C328-F2E6-4825-B3E2-B7913613A835}.Release|Any CPU.ActiveCfg = Release|Any CPU
		{A391C328-F2E6-4825-B3E2-B7913613A835}.Release|Any CPU.Build.0 = Release|Any CPU
	EndGlobalSection
	GlobalSection(SolutionProperties) = preSolution
		HideSolutionNode = FALSE
	EndGlobalSection
	GlobalSection(ExtensibilityGlobals) = postSolution
		SolutionGuid = {8A020604-91FD-4AE5-8296-C0EDF66071B9}
	EndGlobalSection
EndGlobal
